// !$*UTF8*$!
{
	archiveVersion = 1;
	classes = {
	};
	objectVersion = 46;
	objects = {

/* Begin PBXBuildFile section */
		A36EDDADECF1D9F72A25E80E /* libPods-Sim Hub.a in Frameworks */ = {isa = PBXBuildFile; fileRef = E9152B85A5072F4F009F9771 /* libPods-Sim Hub.a */; };
		E102537A26B9949800FEC5EA /* WebKit.framework in Frameworks */ = {isa = PBXBuildFile; fileRef = E102537926B9949800FEC5EA /* WebKit.framework */; };
		E102538026B9DE2200FEC5EA /* SHWebView.m in Sources */ = {isa = PBXBuildFile; fileRef = E102537F26B9DE2200FEC5EA /* SHWebView.m */; };
		E1A76596244EF6A0007B2445 /* main.m in Sources */ = {isa = PBXBuildFile; fileRef = E1A76595244EF6A0007B2445 /* main.m */; };
		E1A76599244EF6A0007B2445 /* AppDelegate.m in Sources */ = {isa = PBXBuildFile; fileRef = E1A76598244EF6A0007B2445 /* AppDelegate.m */; };
		E1A7659C244EF6A0007B2445 /* ViewController.m in Sources */ = {isa = PBXBuildFile; fileRef = E1A7659B244EF6A0007B2445 /* ViewController.m */; };
		E1A7659F244EF6A0007B2445 /* Main.storyboard in Resources */ = {isa = PBXBuildFile; fileRef = E1A7659D244EF6A0007B2445 /* Main.storyboard */; };
		E1A765A1244EF6A0007B2445 /* Assets.xcassets in Resources */ = {isa = PBXBuildFile; fileRef = E1A765A0244EF6A0007B2445 /* Assets.xcassets */; };
		E1A765A4244EF6A0007B2445 /* LaunchScreen.storyboard in Resources */ = {isa = PBXBuildFile; fileRef = E1A765A2244EF6A0007B2445 /* LaunchScreen.storyboard */; };
		E1A765AC244EF6D1007B2445 /* Settings.bundle in Resources */ = {isa = PBXBuildFile; fileRef = E1A765AB244EF6D1007B2445 /* Settings.bundle */; };
/* End PBXBuildFile section */

/* Begin PBXFileReference section */
		76C4A677767D52BE70FB2C09 /* Pods-Sim Hub.release.xcconfig */ = {isa = PBXFileReference; includeInIndex = 1; lastKnownFileType = text.xcconfig; name = "Pods-Sim Hub.release.xcconfig"; path = "Target Support Files/Pods-Sim Hub/Pods-Sim Hub.release.xcconfig"; sourceTree = "<group>"; };
		E102537926B9949800FEC5EA /* WebKit.framework */ = {isa = PBXFileReference; lastKnownFileType = wrapper.framework; name = WebKit.framework; path = Platforms/MacOSX.platform/Developer/SDKs/MacOSX12.0.sdk/System/iOSSupport/System/Library/Frameworks/WebKit.framework; sourceTree = DEVELOPER_DIR; };
		E102537E26B9DE2200FEC5EA /* SHWebView.h */ = {isa = PBXFileReference; lastKnownFileType = sourcecode.c.h; path = SHWebView.h; sourceTree = "<group>"; };
		E102537F26B9DE2200FEC5EA /* SHWebView.m */ = {isa = PBXFileReference; lastKnownFileType = sourcecode.c.objc; path = SHWebView.m; sourceTree = "<group>"; };
		E18776CB268A0A3500976993 /* Sim Hub.entitlements */ = {isa = PBXFileReference; lastKnownFileType = text.plist.entitlements; path = "Sim Hub.entitlements"; sourceTree = "<group>"; };
		E1A76591244EF6A0007B2445 /* Sim Hub.app */ = {isa = PBXFileReference; explicitFileType = wrapper.application; includeInIndex = 0; path = "Sim Hub.app"; sourceTree = BUILT_PRODUCTS_DIR; };
		E1A76595244EF6A0007B2445 /* main.m */ = {isa = PBXFileReference; lastKnownFileType = sourcecode.c.objc; path = main.m; sourceTree = "<group>"; };
		E1A76597244EF6A0007B2445 /* AppDelegate.h */ = {isa = PBXFileReference; lastKnownFileType = sourcecode.c.h; path = AppDelegate.h; sourceTree = "<group>"; };
		E1A76598244EF6A0007B2445 /* AppDelegate.m */ = {isa = PBXFileReference; lastKnownFileType = sourcecode.c.objc; path = AppDelegate.m; sourceTree = "<group>"; };
		E1A7659A244EF6A0007B2445 /* ViewController.h */ = {isa = PBXFileReference; lastKnownFileType = sourcecode.c.h; path = ViewController.h; sourceTree = "<group>"; };
		E1A7659B244EF6A0007B2445 /* ViewController.m */ = {isa = PBXFileReference; lastKnownFileType = sourcecode.c.objc; path = ViewController.m; sourceTree = "<group>"; };
		E1A7659E244EF6A0007B2445 /* Base */ = {isa = PBXFileReference; lastKnownFileType = file.storyboard; name = Base; path = Base.lproj/Main.storyboard; sourceTree = "<group>"; };
		E1A765A0244EF6A0007B2445 /* Assets.xcassets */ = {isa = PBXFileReference; lastKnownFileType = folder.assetcatalog; path = Assets.xcassets; sourceTree = "<group>"; };
		E1A765A3244EF6A0007B2445 /* Base */ = {isa = PBXFileReference; lastKnownFileType = file.storyboard; name = Base; path = Base.lproj/LaunchScreen.storyboard; sourceTree = "<group>"; };
		E1A765A5244EF6A0007B2445 /* Info.plist */ = {isa = PBXFileReference; lastKnownFileType = text.plist.xml; path = Info.plist; sourceTree = "<group>"; };
		E1A765AB244EF6D1007B2445 /* Settings.bundle */ = {isa = PBXFileReference; lastKnownFileType = "wrapper.plug-in"; path = Settings.bundle; sourceTree = "<group>"; };
		E9152B85A5072F4F009F9771 /* libPods-Sim Hub.a */ = {isa = PBXFileReference; explicitFileType = archive.ar; includeInIndex = 0; path = "libPods-Sim Hub.a"; sourceTree = BUILT_PRODUCTS_DIR; };
		F74B09E40EC9ED99D7544E24 /* Pods-Sim Hub.debug.xcconfig */ = {isa = PBXFileReference; includeInIndex = 1; lastKnownFileType = text.xcconfig; name = "Pods-Sim Hub.debug.xcconfig"; path = "Target Support Files/Pods-Sim Hub/Pods-Sim Hub.debug.xcconfig"; sourceTree = "<group>"; };
/* End PBXFileReference section */

/* Begin PBXFrameworksBuildPhase section */
		E1A7658E244EF6A0007B2445 /* Frameworks */ = {
			isa = PBXFrameworksBuildPhase;
			buildActionMask = 2147483647;
			files = (
				E102537A26B9949800FEC5EA /* WebKit.framework in Frameworks */,
				A36EDDADECF1D9F72A25E80E /* libPods-Sim Hub.a in Frameworks */,
			);
			runOnlyForDeploymentPostprocessing = 0;
		};
/* End PBXFrameworksBuildPhase section */

/* Begin PBXGroup section */
		703A806A75C5AFE271320A88 /* Pods */ = {
			isa = PBXGroup;
			children = (
				F74B09E40EC9ED99D7544E24 /* Pods-Sim Hub.debug.xcconfig */,
				76C4A677767D52BE70FB2C09 /* Pods-Sim Hub.release.xcconfig */,
			);
			path = Pods;
			sourceTree = "<group>";
		};
		E102537826B9949800FEC5EA /* Frameworks */ = {
			isa = PBXGroup;
			children = (
				E102537926B9949800FEC5EA /* WebKit.framework */,
				E9152B85A5072F4F009F9771 /* libPods-Sim Hub.a */,
			);
			name = Frameworks;
			sourceTree = "<group>";
		};
		E1A76588244EF6A0007B2445 = {
			isa = PBXGroup;
			children = (
				E1A76593244EF6A0007B2445 /* Sim Hub */,
				E1A76592244EF6A0007B2445 /* Products */,
				E102537826B9949800FEC5EA /* Frameworks */,
				703A806A75C5AFE271320A88 /* Pods */,
			);
			sourceTree = "<group>";
		};
		E1A76592244EF6A0007B2445 /* Products */ = {
			isa = PBXGroup;
			children = (
				E1A76591244EF6A0007B2445 /* Sim Hub.app */,
			);
			name = Products;
			sourceTree = "<group>";
		};
		E1A76593244EF6A0007B2445 /* Sim Hub */ = {
			isa = PBXGroup;
			children = (
				E18776CB268A0A3500976993 /* Sim Hub.entitlements */,
				E1A76597244EF6A0007B2445 /* AppDelegate.h */,
				E1A76598244EF6A0007B2445 /* AppDelegate.m */,
				E1A7659A244EF6A0007B2445 /* ViewController.h */,
				E1A7659B244EF6A0007B2445 /* ViewController.m */,
				E1A7659D244EF6A0007B2445 /* Main.storyboard */,
				E1A765A0244EF6A0007B2445 /* Assets.xcassets */,
				E1A765A2244EF6A0007B2445 /* LaunchScreen.storyboard */,
				E1A765A5244EF6A0007B2445 /* Info.plist */,
				E1A765AB244EF6D1007B2445 /* Settings.bundle */,
				E1A76594244EF6A0007B2445 /* Supporting Files */,
				E102537E26B9DE2200FEC5EA /* SHWebView.h */,
				E102537F26B9DE2200FEC5EA /* SHWebView.m */,
			);
			path = "Sim Hub";
			sourceTree = "<group>";
		};
		E1A76594244EF6A0007B2445 /* Supporting Files */ = {
			isa = PBXGroup;
			children = (
				E1A76595244EF6A0007B2445 /* main.m */,
			);
			name = "Supporting Files";
			sourceTree = "<group>";
		};
/* End PBXGroup section */

/* Begin PBXNativeTarget section */
		E1A76590244EF6A0007B2445 /* Sim Hub */ = {
			isa = PBXNativeTarget;
			buildConfigurationList = E1A765A8244EF6A0007B2445 /* Build configuration list for PBXNativeTarget "Sim Hub" */;
			buildPhases = (
				12F3B0E60C2948E799AACAE3 /* [CP] Check Pods Manifest.lock */,
				E1A7658D244EF6A0007B2445 /* Sources */,
				E1A7658E244EF6A0007B2445 /* Frameworks */,
				E1A7658F244EF6A0007B2445 /* Resources */,
			);
			buildRules = (
			);
			dependencies = (
			);
			name = "Sim Hub";
			productName = "Sim Hub";
			productReference = E1A76591244EF6A0007B2445 /* Sim Hub.app */;
			productType = "com.apple.product-type.application";
		};
/* End PBXNativeTarget section */

/* Begin PBXProject section */
		E1A76589244EF6A0007B2445 /* Project object */ = {
			isa = PBXProject;
			attributes = {
				LastUpgradeCheck = 1240;
				ORGANIZATIONNAME = "Robert Kortenoeven";
				TargetAttributes = {
					E1A76590244EF6A0007B2445 = {
						CreatedOnToolsVersion = 7.3.1;
						DevelopmentTeam = VLE9UF43XH;
					};
				};
			};
			buildConfigurationList = E1A7658C244EF6A0007B2445 /* Build configuration list for PBXProject "Sim Hub" */;
			compatibilityVersion = "Xcode 3.2";
			developmentRegion = en;
			hasScannedForEncodings = 0;
			knownRegions = (
				en,
				Base,
			);
			mainGroup = E1A76588244EF6A0007B2445;
			productRefGroup = E1A76592244EF6A0007B2445 /* Products */;
			projectDirPath = "";
			projectRoot = "";
			targets = (
				E1A76590244EF6A0007B2445 /* Sim Hub */,
			);
		};
/* End PBXProject section */

/* Begin PBXResourcesBuildPhase section */
		E1A7658F244EF6A0007B2445 /* Resources */ = {
			isa = PBXResourcesBuildPhase;
			buildActionMask = 2147483647;
			files = (
				E1A765AC244EF6D1007B2445 /* Settings.bundle in Resources */,
				E1A765A4244EF6A0007B2445 /* LaunchScreen.storyboard in Resources */,
				E1A765A1244EF6A0007B2445 /* Assets.xcassets in Resources */,
				E1A7659F244EF6A0007B2445 /* Main.storyboard in Resources */,
			);
			runOnlyForDeploymentPostprocessing = 0;
		};
/* End PBXResourcesBuildPhase section */

/* Begin PBXShellScriptBuildPhase section */
		12F3B0E60C2948E799AACAE3 /* [CP] Check Pods Manifest.lock */ = {
			isa = PBXShellScriptBuildPhase;
			buildActionMask = 2147483647;
			files = (
			);
			inputFileListPaths = (
			);
			inputPaths = (
				"${PODS_PODFILE_DIR_PATH}/Podfile.lock",
				"${PODS_ROOT}/Manifest.lock",
			);
			name = "[CP] Check Pods Manifest.lock";
			outputFileListPaths = (
			);
			outputPaths = (
				"$(DERIVED_FILE_DIR)/Pods-Sim Hub-checkManifestLockResult.txt",
			);
			runOnlyForDeploymentPostprocessing = 0;
			shellPath = /bin/sh;
			shellScript = "diff \"${PODS_PODFILE_DIR_PATH}/Podfile.lock\" \"${PODS_ROOT}/Manifest.lock\" > /dev/null\nif [ $? != 0 ] ; then\n    # print error to STDERR\n    echo \"error: The sandbox is not in sync with the Podfile.lock. Run 'pod install' or update your CocoaPods installation.\" >&2\n    exit 1\nfi\n# This output is used by Xcode 'outputs' to avoid re-running this script phase.\necho \"SUCCESS\" > \"${SCRIPT_OUTPUT_FILE_0}\"\n";
			showEnvVarsInLog = 0;
		};
/* End PBXShellScriptBuildPhase section */

/* Begin PBXSourcesBuildPhase section */
		E1A7658D244EF6A0007B2445 /* Sources */ = {
			isa = PBXSourcesBuildPhase;
			buildActionMask = 2147483647;
			files = (
				E1A7659C244EF6A0007B2445 /* ViewController.m in Sources */,
				E1A76599244EF6A0007B2445 /* AppDelegate.m in Sources */,
				E102538026B9DE2200FEC5EA /* SHWebView.m in Sources */,
				E1A76596244EF6A0007B2445 /* main.m in Sources */,
			);
			runOnlyForDeploymentPostprocessing = 0;
		};
/* End PBXSourcesBuildPhase section */

/* Begin PBXVariantGroup section */
		E1A7659D244EF6A0007B2445 /* Main.storyboard */ = {
			isa = PBXVariantGroup;
			children = (
				E1A7659E244EF6A0007B2445 /* Base */,
			);
			name = Main.storyboard;
			sourceTree = "<group>";
		};
		E1A765A2244EF6A0007B2445 /* LaunchScreen.storyboard */ = {
			isa = PBXVariantGroup;
			children = (
				E1A765A3244EF6A0007B2445 /* Base */,
			);
			name = LaunchScreen.storyboard;
			sourceTree = "<group>";
		};
/* End PBXVariantGroup section */

/* Begin XCBuildConfiguration section */
		E1A765A6244EF6A0007B2445 /* Debug */ = {
			isa = XCBuildConfiguration;
			buildSettings = {
				ALWAYS_SEARCH_USER_PATHS = NO;
				CLANG_ANALYZER_LOCALIZABILITY_NONLOCALIZED = YES;
				CLANG_ANALYZER_NONNULL = YES;
				CLANG_CXX_LANGUAGE_STANDARD = "gnu++0x";
				CLANG_CXX_LIBRARY = "libc++";
				CLANG_ENABLE_MODULES = YES;
				CLANG_ENABLE_OBJC_ARC = YES;
				CLANG_WARN_BLOCK_CAPTURE_AUTORELEASING = YES;
				CLANG_WARN_BOOL_CONVERSION = YES;
				CLANG_WARN_COMMA = YES;
				CLANG_WARN_CONSTANT_CONVERSION = YES;
				CLANG_WARN_DEPRECATED_OBJC_IMPLEMENTATIONS = YES;
				CLANG_WARN_DIRECT_OBJC_ISA_USAGE = YES_ERROR;
				CLANG_WARN_EMPTY_BODY = YES;
				CLANG_WARN_ENUM_CONVERSION = YES;
				CLANG_WARN_INFINITE_RECURSION = YES;
				CLANG_WARN_INT_CONVERSION = YES;
				CLANG_WARN_NON_LITERAL_NULL_CONVERSION = YES;
				CLANG_WARN_OBJC_IMPLICIT_RETAIN_SELF = YES;
				CLANG_WARN_OBJC_LITERAL_CONVERSION = YES;
				CLANG_WARN_OBJC_ROOT_CLASS = YES_ERROR;
				CLANG_WARN_QUOTED_INCLUDE_IN_FRAMEWORK_HEADER = YES;
				CLANG_WARN_RANGE_LOOP_ANALYSIS = YES;
				CLANG_WARN_STRICT_PROTOTYPES = YES;
				CLANG_WARN_SUSPICIOUS_MOVE = YES;
				CLANG_WARN_UNREACHABLE_CODE = YES;
				CLANG_WARN__DUPLICATE_METHOD_MATCH = YES;
				"CODE_SIGN_IDENTITY[sdk=iphoneos*]" = "iPhone Developer";
				COPY_PHASE_STRIP = NO;
				DEBUG_INFORMATION_FORMAT = dwarf;
				ENABLE_STRICT_OBJC_MSGSEND = YES;
				ENABLE_TESTABILITY = YES;
				GCC_C_LANGUAGE_STANDARD = gnu99;
				GCC_DYNAMIC_NO_PIC = NO;
				GCC_NO_COMMON_BLOCKS = YES;
				GCC_OPTIMIZATION_LEVEL = 0;
				GCC_PREPROCESSOR_DEFINITIONS = (
					"DEBUG=1",
					"$(inherited)",
				);
				GCC_WARN_64_TO_32_BIT_CONVERSION = YES;
				GCC_WARN_ABOUT_RETURN_TYPE = YES_ERROR;
				GCC_WARN_UNDECLARED_SELECTOR = YES;
				GCC_WARN_UNINITIALIZED_AUTOS = YES_AGGRESSIVE;
				GCC_WARN_UNUSED_FUNCTION = YES;
				GCC_WARN_UNUSED_VARIABLE = YES;
				IPHONEOS_DEPLOYMENT_TARGET = 9.0;
				MTL_ENABLE_DEBUG_INFO = YES;
				ONLY_ACTIVE_ARCH = YES;
				SDKROOT = iphoneos;
				TARGETED_DEVICE_FAMILY = "1,2";
			};
			name = Debug;
		};
		E1A765A7244EF6A0007B2445 /* Release */ = {
			isa = XCBuildConfiguration;
			buildSettings = {
				ALWAYS_SEARCH_USER_PATHS = NO;
				CLANG_ANALYZER_LOCALIZABILITY_NONLOCALIZED = YES;
				CLANG_ANALYZER_NONNULL = YES;
				CLANG_CXX_LANGUAGE_STANDARD = "gnu++0x";
				CLANG_CXX_LIBRARY = "libc++";
				CLANG_ENABLE_MODULES = YES;
				CLANG_ENABLE_OBJC_ARC = YES;
				CLANG_WARN_BLOCK_CAPTURE_AUTORELEASING = YES;
				CLANG_WARN_BOOL_CONVERSION = YES;
				CLANG_WARN_COMMA = YES;
				CLANG_WARN_CONSTANT_CONVERSION = YES;
				CLANG_WARN_DEPRECATED_OBJC_IMPLEMENTATIONS = YES;
				CLANG_WARN_DIRECT_OBJC_ISA_USAGE = YES_ERROR;
				CLANG_WARN_EMPTY_BODY = YES;
				CLANG_WARN_ENUM_CONVERSION = YES;
				CLANG_WARN_INFINITE_RECURSION = YES;
				CLANG_WARN_INT_CONVERSION = YES;
				CLANG_WARN_NON_LITERAL_NULL_CONVERSION = YES;
				CLANG_WARN_OBJC_IMPLICIT_RETAIN_SELF = YES;
				CLANG_WARN_OBJC_LITERAL_CONVERSION = YES;
				CLANG_WARN_OBJC_ROOT_CLASS = YES_ERROR;
				CLANG_WARN_QUOTED_INCLUDE_IN_FRAMEWORK_HEADER = YES;
				CLANG_WARN_RANGE_LOOP_ANALYSIS = YES;
				CLANG_WARN_STRICT_PROTOTYPES = YES;
				CLANG_WARN_SUSPICIOUS_MOVE = YES;
				CLANG_WARN_UNREACHABLE_CODE = YES;
				CLANG_WARN__DUPLICATE_METHOD_MATCH = YES;
				"CODE_SIGN_IDENTITY[sdk=iphoneos*]" = "iPhone Developer";
				COPY_PHASE_STRIP = NO;
				DEBUG_INFORMATION_FORMAT = "dwarf-with-dsym";
				ENABLE_NS_ASSERTIONS = NO;
				ENABLE_STRICT_OBJC_MSGSEND = YES;
				GCC_C_LANGUAGE_STANDARD = gnu99;
				GCC_NO_COMMON_BLOCKS = YES;
				GCC_WARN_64_TO_32_BIT_CONVERSION = YES;
				GCC_WARN_ABOUT_RETURN_TYPE = YES_ERROR;
				GCC_WARN_UNDECLARED_SELECTOR = YES;
				GCC_WARN_UNINITIALIZED_AUTOS = YES_AGGRESSIVE;
				GCC_WARN_UNUSED_FUNCTION = YES;
				GCC_WARN_UNUSED_VARIABLE = YES;
				IPHONEOS_DEPLOYMENT_TARGET = 9.0;
				MTL_ENABLE_DEBUG_INFO = NO;
				SDKROOT = iphoneos;
				TARGETED_DEVICE_FAMILY = "1,2";
				VALIDATE_PRODUCT = YES;
			};
			name = Release;
		};
		E1A765A9244EF6A0007B2445 /* Debug */ = {
			isa = XCBuildConfiguration;
			baseConfigurationReference = F74B09E40EC9ED99D7544E24 /* Pods-Sim Hub.debug.xcconfig */;
			buildSettings = {
				ASSETCATALOG_COMPILER_APPICON_NAME = AppIcon;
				CODE_SIGN_ENTITLEMENTS = "Sim Hub/Sim Hub.entitlements";
				CODE_SIGN_IDENTITY = "iPhone Developer";
				"CODE_SIGN_IDENTITY[sdk=iphoneos*]" = "iPhone Developer";
				INFOPLIST_FILE = "Sim Hub/Info.plist";
				IPHONEOS_DEPLOYMENT_TARGET = 12.0;
				LD_RUNPATH_SEARCH_PATHS = "$(inherited) @executable_path/Frameworks";
				PRODUCT_BUNDLE_IDENTIFIER = com.welivelikethis.simhub;
				PRODUCT_NAME = "$(TARGET_NAME)";
				PROVISIONING_PROFILE = "";
				SUPPORTS_MACCATALYST = YES;
				TARGETED_DEVICE_FAMILY = "1,2";
			};
			name = Debug;
		};
		E1A765AA244EF6A0007B2445 /* Release */ = {
			isa = XCBuildConfiguration;
			baseConfigurationReference = 76C4A677767D52BE70FB2C09 /* Pods-Sim Hub.release.xcconfig */;
			buildSettings = {
				ASSETCATALOG_COMPILER_APPICON_NAME = AppIcon;
				CODE_SIGN_ENTITLEMENTS = "Sim Hub/Sim Hub.entitlements";
				CODE_SIGN_IDENTITY = "iPhone Developer";
				"CODE_SIGN_IDENTITY[sdk=iphoneos*]" = "iPhone Developer";
				INFOPLIST_FILE = "Sim Hub/Info.plist";
				IPHONEOS_DEPLOYMENT_TARGET = 12.0;
				LD_RUNPATH_SEARCH_PATHS = "$(inherited) @executable_path/Frameworks";
				PRODUCT_BUNDLE_IDENTIFIER = com.welivelikethis.simhub;
				PRODUCT_NAME = "$(TARGET_NAME)";
				PROVISIONING_PROFILE = "";
				SUPPORTS_MACCATALYST = YES;
				TARGETED_DEVICE_FAMILY = "1,2";
			};
			name = Release;
		};
/* End XCBuildConfiguration section */

/* Begin XCConfigurationList section */
		E1A7658C244EF6A0007B2445 /* Build configuration list for PBXProject "Sim Hub" */ = {
			isa = XCConfigurationList;
			buildConfigurations = (
				E1A765A6244EF6A0007B2445 /* Debug */,
				E1A765A7244EF6A0007B2445 /* Release */,
			);
			defaultConfigurationIsVisible = 0;
			defaultConfigurationName = Release;
		};
		E1A765A8244EF6A0007B2445 /* Build configuration list for PBXNativeTarget "Sim Hub" */ = {
			isa = XCConfigurationList;
			buildConfigurations = (
				E1A765A9244EF6A0007B2445 /* Debug */,
				E1A765AA244EF6A0007B2445 /* Release */,
			);
			defaultConfigurationIsVisible = 0;
			defaultConfigurationName = Release;
		};
/* End XCConfigurationList section */
	};
	rootObject = E1A76589244EF6A0007B2445 /* Project object */;
}
